
Microsoft Visual Studio Solution File, Format Version 12.00
# Visual Studio Version 17
VisualStudioVersion = 17.0.31903.59
MinimumVisualStudioVersion = 10.0.40219.1
Project("{FAE04EC0-301F-11D3-BF4B-00C04F79EFBC}") = "SchoolLibrary", "SchoolLibrary\SchoolLibrary.csproj", "{6C55EA82-084D-4871-BE53-FA531F446C10}"
EndProject
Project("{FAE04EC0-301F-11D3-BF4B-00C04F79EFBC}") = "ShoolFormApp", "ShoolFormApp\ShoolFormApp.csproj", "{9828E5A6-EC32-44C3-B719-50B70739E3C2}"
EndProject
Project("{FAE04EC0-301F-11D3-BF4B-00C04F79EFBC}") = "EssentialTraining", "EssentialTraining\EssentialTraining.csproj", "{2A7A2B57-007E-46C7-BB36-3C5DABADDBF5}"
EndProject
Global
	GlobalSection(SolutionConfigurationPlatforms) = preSolution
		Debug|Any CPU = Debug|Any CPU
		Release|Any CPU = Release|Any CPU
	EndGlobalSection
	GlobalSection(ProjectConfigurationPlatforms) = postSolution
		{6C55EA82-084D-4871-BE53-FA531F446C10}.Debug|Any CPU.ActiveCfg = Debug|Any CPU
		{6C55EA82-084D-4871-BE53-FA531F446C10}.Debug|Any CPU.Build.0 = Debug|Any CPU
		{6C55EA82-084D-4871-BE53-FA531F446C10}.Release|Any CPU.ActiveCfg = Release|Any CPU
		{6C55EA82-084D-4871-BE53-FA531F446C10}.Release|Any CPU.Build.0 = Release|Any CPU
		{9828E5A6-EC32-44C3-B719-50B70739E3C2}.Debug|Any CPU.ActiveCfg = Debug|Any CPU
		{9828E5A6-EC32-44C3-B719-50B70739E3C2}.Debug|Any CPU.Build.0 = Debug|Any CPU
		{9828E5A6-EC32-44C3-B719-50B70739E3C2}.Release|Any CPU.ActiveCfg = Release|Any CPU
		{9828E5A6-EC32-44C3-B719-50B70739E3C2}.Release|Any CPU.Build.0 = Release|Any CPU
		{2A7A2B57-007E-46C7-BB36-3C5DABADDBF5}.Debug|Any CPU.ActiveCfg = Debug|Any CPU
		{2A7A2B57-007E-46C7-BB36-3C5DABADDBF5}.Debug|Any CPU.Build.0 = Debug|Any CPU
		{2A7A2B57-007E-46C7-BB36-3C5DABADDBF5}.Release|Any CPU.ActiveCfg = Release|Any CPU
		{2A7A2B57-007E-46C7-BB36-3C5DABADDBF5}.Release|Any CPU.Build.0 = Release|Any CPU
	EndGlobalSection
	GlobalSection(SolutionProperties) = preSolution
		HideSolutionNode = FALSE
	EndGlobalSection
	GlobalSection(ExtensibilityGlobals) = postSolution
		SolutionGuid = {0F25EA62-C425-4502-8711-73CF6A143EB1}
	EndGlobalSection
EndGlobal
