
Microsoft Visual Studio Solution File, Format Version 12.00
# Visual Studio Version 17
VisualStudioVersion = 17.0.31903.59
MinimumVisualStudioVersion = 10.0.40219.1
Project("{9A19103F-16F7-4668-BE54-9A1E7A4F7556}") = "SchoolLibrary", "SchoolLibrary\SchoolLibrary.csproj", "{6C55EA82-084D-4871-BE53-FA531F446C10}"
EndProject
Project("{9A19103F-16F7-4668-BE54-9A1E7A4F7556}") = "ShoolFormApp", "ShoolFormApp\ShoolFormApp.csproj", "{9828E5A6-EC32-44C3-B719-50B70739E3C2}"
EndProject
Project("{FAE04EC0-301F-11D3-BF4B-00C04F79EFBC}") = "EssentialTraining", "EssentialTraining\EssentialTraining.csproj", "{C2E84B66-36FD-4EA7-ACF8-0E2A9CF067D8}"
EndProject
Project("{FAE04EC0-301F-11D3-BF4B-00C04F79EFBC}") = "EssentialTrainingTest", "EssentialTrainingTest\EssentialTrainingTest.csproj", "{FE7B4D48-2409-487D-9955-B40C53EE3774}"
EndProject
Global
	GlobalSection(SolutionConfigurationPlatforms) = preSolution
		Debug|Any CPU = Debug|Any CPU
		Release|Any CPU = Release|Any CPU
	EndGlobalSection
	GlobalSection(ProjectConfigurationPlatforms) = postSolution
		{6C55EA82-084D-4871-BE53-FA531F446C10}.Debug|Any CPU.ActiveCfg = Debug|Any CPU
		{6C55EA82-084D-4871-BE53-FA531F446C10}.Debug|Any CPU.Build.0 = Debug|Any CPU
		{6C55EA82-084D-4871-BE53-FA531F446C10}.Release|Any CPU.ActiveCfg = Release|Any CPU
		{6C55EA82-084D-4871-BE53-FA531F446C10}.Release|Any CPU.Build.0 = Release|Any CPU
		{9828E5A6-EC32-44C3-B719-50B70739E3C2}.Debug|Any CPU.ActiveCfg = Debug|Any CPU
		{9828E5A6-EC32-44C3-B719-50B70739E3C2}.Debug|Any CPU.Build.0 = Debug|Any CPU
		{9828E5A6-EC32-44C3-B719-50B70739E3C2}.Release|Any CPU.ActiveCfg = Release|Any CPU
		{9828E5A6-EC32-44C3-B719-50B70739E3C2}.Release|Any CPU.Build.0 = Release|Any CPU
		{C2E84B66-36FD-4EA7-ACF8-0E2A9CF067D8}.Debug|Any CPU.ActiveCfg = Debug|Any CPU
		{C2E84B66-36FD-4EA7-ACF8-0E2A9CF067D8}.Debug|Any CPU.Build.0 = Debug|Any CPU
		{C2E84B66-36FD-4EA7-ACF8-0E2A9CF067D8}.Release|Any CPU.ActiveCfg = Release|Any CPU
		{C2E84B66-36FD-4EA7-ACF8-0E2A9CF067D8}.Release|Any CPU.Build.0 = Release|Any CPU
		{FE7B4D48-2409-487D-9955-B40C53EE3774}.Debug|Any CPU.ActiveCfg = Debug|Any CPU
		{FE7B4D48-2409-487D-9955-B40C53EE3774}.Debug|Any CPU.Build.0 = Debug|Any CPU
		{FE7B4D48-2409-487D-9955-B40C53EE3774}.Release|Any CPU.ActiveCfg = Release|Any CPU
		{FE7B4D48-2409-487D-9955-B40C53EE3774}.Release|Any CPU.Build.0 = Release|Any CPU
	EndGlobalSection
	GlobalSection(SolutionProperties) = preSolution
		HideSolutionNode = FALSE
	EndGlobalSection
	GlobalSection(ExtensibilityGlobals) = postSolution
		SolutionGuid = {0F25EA62-C425-4502-8711-73CF6A143EB1}
	EndGlobalSection
EndGlobal
